// !$*UTF8*$!
{
	archiveVersion = 1;
	classes = {
	};
	objectVersion = 46;
	objects = {

/* Begin PBXBuildFile section */
		A908CDC71E674DE9001D69AE /* CollectionViewController.swift in Sources */ = {isa = PBXBuildFile; fileRef = A908CDC61E674DE9001D69AE /* CollectionViewController.swift */; };
		A908CDC91E674E39001D69AE /* CollectionSource.swift in Sources */ = {isa = PBXBuildFile; fileRef = A908CDC81E674E39001D69AE /* CollectionSource.swift */; };
		A908CDCB1E675276001D69AE /* RoomCollectionViewCell.swift in Sources */ = {isa = PBXBuildFile; fileRef = A908CDCA1E675276001D69AE /* RoomCollectionViewCell.swift */; };
		A908CDD01E681448001D69AE /* AddRoomViewController.swift in Sources */ = {isa = PBXBuildFile; fileRef = A908CDCF1E681448001D69AE /* AddRoomViewController.swift */; };
		A92D907E1E65EE5200221B5F /* RoomCell.swift in Sources */ = {isa = PBXBuildFile; fileRef = A92D907D1E65EE5200221B5F /* RoomCell.swift */; };
		A9593BE31E64872B0019B0D0 /* AppDelegate.swift in Sources */ = {isa = PBXBuildFile; fileRef = A9593BE21E64872B0019B0D0 /* AppDelegate.swift */; };
		A9593BE51E64872B0019B0D0 /* ViewController.swift in Sources */ = {isa = PBXBuildFile; fileRef = A9593BE41E64872B0019B0D0 /* ViewController.swift */; };
		A9593BE81E64872B0019B0D0 /* Main.storyboard in Resources */ = {isa = PBXBuildFile; fileRef = A9593BE61E64872B0019B0D0 /* Main.storyboard */; };
		A9593BEA1E64872B0019B0D0 /* Assets.xcassets in Resources */ = {isa = PBXBuildFile; fileRef = A9593BE91E64872B0019B0D0 /* Assets.xcassets */; };
		A9593BED1E64872B0019B0D0 /* LaunchScreen.storyboard in Resources */ = {isa = PBXBuildFile; fileRef = A9593BEB1E64872B0019B0D0 /* LaunchScreen.storyboard */; };
		A9593BF81E64872B0019B0D0 /* EaseTests.swift in Sources */ = {isa = PBXBuildFile; fileRef = A9593BF71E64872B0019B0D0 /* EaseTests.swift */; };
		A9593C031E64872B0019B0D0 /* EaseUITests.swift in Sources */ = {isa = PBXBuildFile; fileRef = A9593C021E64872B0019B0D0 /* EaseUITests.swift */; };
		A9593C111E6493FC0019B0D0 /* HomeViewController.swift in Sources */ = {isa = PBXBuildFile; fileRef = A9593C101E6493FC0019B0D0 /* HomeViewController.swift */; };
		A9593C131E64A4AC0019B0D0 /* ikea-clean-green-and-clutter-free-__1364315962817-s4.jpg in Resources */ = {isa = PBXBuildFile; fileRef = A9593C121E64A4AC0019B0D0 /* ikea-clean-green-and-clutter-free-__1364315962817-s4.jpg */; };
		A9593C151E64CEF30019B0D0 /* RoomsViewController.swift in Sources */ = {isa = PBXBuildFile; fileRef = A9593C141E64CEF30019B0D0 /* RoomsViewController.swift */; };
		A98C3FFF1E66EA4000B4DA7F /* HomeKit.framework in Frameworks */ = {isa = PBXBuildFile; fileRef = A98C3FFE1E66EA4000B4DA7F /* HomeKit.framework */; };
		A98C40061E671E1700B4DA7F /* NotificationCenter.framework in Frameworks */ = {isa = PBXBuildFile; fileRef = A98C40051E671E1700B4DA7F /* NotificationCenter.framework */; };
		A98C40091E671E1700B4DA7F /* TodayViewController.swift in Sources */ = {isa = PBXBuildFile; fileRef = A98C40081E671E1700B4DA7F /* TodayViewController.swift */; };
		A98C400C1E671E1700B4DA7F /* MainInterface.storyboard in Resources */ = {isa = PBXBuildFile; fileRef = A98C400A1E671E1700B4DA7F /* MainInterface.storyboard */; };
		A98C40101E671E1700B4DA7F /* easeWidget.appex in Embed App Extensions */ = {isa = PBXBuildFile; fileRef = A98C40041E671E1700B4DA7F /* easeWidget.appex */; settings = {ATTRIBUTES = (RemoveHeadersOnCopy, ); }; };
		A98C40351E6738A400B4DA7F /* Socket.framework in Frameworks */ = {isa = PBXBuildFile; fileRef = A98C402C1E67371600B4DA7F /* Socket.framework */; };
		A98C403B1E6739E500B4DA7F /* Socket.swift in Sources */ = {isa = PBXBuildFile; fileRef = A98C40381E6739E500B4DA7F /* Socket.swift */; };
		A98C403C1E6739E500B4DA7F /* SocketProtocols.swift in Sources */ = {isa = PBXBuildFile; fileRef = A98C40391E6739E500B4DA7F /* SocketProtocols.swift */; };
		A98C403D1E6739E500B4DA7F /* SocketUtils.swift in Sources */ = {isa = PBXBuildFile; fileRef = A98C403A1E6739E500B4DA7F /* SocketUtils.swift */; };
		A9AF26F81E65B5F000E280A9 /* HomePageViewController.swift in Sources */ = {isa = PBXBuildFile; fileRef = A9AF26F71E65B5F000E280A9 /* HomePageViewController.swift */; };
		A9AF26FA1E65B66F00E280A9 /* SettingsViewController.swift in Sources */ = {isa = PBXBuildFile; fileRef = A9AF26F91E65B66F00E280A9 /* SettingsViewController.swift */; };
		A9AF26FD1E65B75600E280A9 /* RoomDetailsViewController.swift in Sources */ = {isa = PBXBuildFile; fileRef = A9AF26FC1E65B75600E280A9 /* RoomDetailsViewController.swift */; };
		A9AF27031E65BC5B00E280A9 /* easeModel.xcdatamodeld in Sources */ = {isa = PBXBuildFile; fileRef = A9AF27011E65BC5B00E280A9 /* easeModel.xcdatamodeld */; };
		A9AF270F1E65C0DC00E280A9 /* PersistenceManager.swift in Sources */ = {isa = PBXBuildFile; fileRef = A9AF270E1E65C0DC00E280A9 /* PersistenceManager.swift */; };
		A9AF27211E65D9CC00E280A9 /* Tutorial1ViewController.swift in Sources */ = {isa = PBXBuildFile; fileRef = A9AF27201E65D9CC00E280A9 /* Tutorial1ViewController.swift */; };
		A9AF27231E65D9E700E280A9 /* Tutorial2ViewController.swift in Sources */ = {isa = PBXBuildFile; fileRef = A9AF27221E65D9E700E280A9 /* Tutorial2ViewController.swift */; };
		A9AF27251E65DA0000E280A9 /* Tutorial3ViewController.swift in Sources */ = {isa = PBXBuildFile; fileRef = A9AF27241E65DA0000E280A9 /* Tutorial3ViewController.swift */; };
		A9AF27271E65DA1500E280A9 /* Tutorial4ViewController.swift in Sources */ = {isa = PBXBuildFile; fileRef = A9AF27261E65DA1500E280A9 /* Tutorial4ViewController.swift */; };
		A9AF27291E65DA2F00E280A9 /* Tutorial5ViewController.swift in Sources */ = {isa = PBXBuildFile; fileRef = A9AF27281E65DA2F00E280A9 /* Tutorial5ViewController.swift */; };
		A9AF27301E65EBFF00E280A9 /* Device+CoreDataClass.swift in Sources */ = {isa = PBXBuildFile; fileRef = A9AF272C1E65EBFF00E280A9 /* Device+CoreDataClass.swift */; };
		A9AF27311E65EBFF00E280A9 /* Device+CoreDataProperties.swift in Sources */ = {isa = PBXBuildFile; fileRef = A9AF272D1E65EBFF00E280A9 /* Device+CoreDataProperties.swift */; };
		A9AF27321E65EBFF00E280A9 /* Room+CoreDataClass.swift in Sources */ = {isa = PBXBuildFile; fileRef = A9AF272E1E65EBFF00E280A9 /* Room+CoreDataClass.swift */; };
		A9AF27331E65EBFF00E280A9 /* Room+CoreDataProperties.swift in Sources */ = {isa = PBXBuildFile; fileRef = A9AF272F1E65EBFF00E280A9 /* Room+CoreDataProperties.swift */; };
/* End PBXBuildFile section */

/* Begin PBXContainerItemProxy section */
		A9593BF41E64872B0019B0D0 /* PBXContainerItemProxy */ = {
			isa = PBXContainerItemProxy;
			containerPortal = A9593BD71E64872A0019B0D0 /* Project object */;
			proxyType = 1;
			remoteGlobalIDString = A9593BDE1E64872A0019B0D0;
			remoteInfo = Ease;
		};
		A9593BFF1E64872B0019B0D0 /* PBXContainerItemProxy */ = {
			isa = PBXContainerItemProxy;
			containerPortal = A9593BD71E64872A0019B0D0 /* Project object */;
			proxyType = 1;
			remoteGlobalIDString = A9593BDE1E64872A0019B0D0;
			remoteInfo = Ease;
		};
		A98C400E1E671E1700B4DA7F /* PBXContainerItemProxy */ = {
			isa = PBXContainerItemProxy;
			containerPortal = A9593BD71E64872A0019B0D0 /* Project object */;
			proxyType = 1;
			remoteGlobalIDString = A98C40031E671E1700B4DA7F;
			remoteInfo = easeWidget;
		};
		A98C40291E67371600B4DA7F /* PBXContainerItemProxy */ = {
			isa = PBXContainerItemProxy;
			containerPortal = A98C40231E67371600B4DA7F /* BlueSocket.xcodeproj */;
			proxyType = 2;
			remoteGlobalIDString = 8C0F4BF61C4E84CC008B2B0A;
			remoteInfo = Socket;
		};
		A98C402B1E67371600B4DA7F /* PBXContainerItemProxy */ = {
			isa = PBXContainerItemProxy;
			containerPortal = A98C40231E67371600B4DA7F /* BlueSocket.xcodeproj */;
			proxyType = 2;
			remoteGlobalIDString = 8CC36E021C4EA1BE00BAA659;
			remoteInfo = "Socket-iOS";
		};
		A98C402D1E67371600B4DA7F /* PBXContainerItemProxy */ = {
			isa = PBXContainerItemProxy;
			containerPortal = A98C40231E67371600B4DA7F /* BlueSocket.xcodeproj */;
			proxyType = 2;
			remoteGlobalIDString = 8CA9B1631C98A00400E607FB;
			remoteInfo = SocketTests;
		};
		A98C40311E67389800B4DA7F /* PBXContainerItemProxy */ = {
			isa = PBXContainerItemProxy;
			containerPortal = A98C40231E67371600B4DA7F /* BlueSocket.xcodeproj */;
			proxyType = 1;
			remoteGlobalIDString = 8CC36DF61C4EA1BE00BAA659;
			remoteInfo = "Socket-iOS";
		};
		A98C40331E67389B00B4DA7F /* PBXContainerItemProxy */ = {
			isa = PBXContainerItemProxy;
			containerPortal = A98C40231E67371600B4DA7F /* BlueSocket.xcodeproj */;
			proxyType = 1;
			remoteGlobalIDString = 8C0F4BF51C4E84CC008B2B0A;
			remoteInfo = Socket;
		};
/* End PBXContainerItemProxy section */

/* Begin PBXCopyFilesBuildPhase section */
		A98C40141E671E1700B4DA7F /* Embed App Extensions */ = {
			isa = PBXCopyFilesBuildPhase;
			buildActionMask = 2147483647;
			dstPath = "";
			dstSubfolderSpec = 13;
			files = (
				A98C40101E671E1700B4DA7F /* easeWidget.appex in Embed App Extensions */,
			);
			name = "Embed App Extensions";
			runOnlyForDeploymentPostprocessing = 0;
		};
/* End PBXCopyFilesBuildPhase section */

/* Begin PBXFileReference section */
		A908CDC61E674DE9001D69AE /* CollectionViewController.swift */ = {isa = PBXFileReference; fileEncoding = 4; lastKnownFileType = sourcecode.swift; path = CollectionViewController.swift; sourceTree = "<group>"; };
		A908CDC81E674E39001D69AE /* CollectionSource.swift */ = {isa = PBXFileReference; fileEncoding = 4; lastKnownFileType = sourcecode.swift; path = CollectionSource.swift; sourceTree = "<group>"; };
		A908CDCA1E675276001D69AE /* RoomCollectionViewCell.swift */ = {isa = PBXFileReference; fileEncoding = 4; lastKnownFileType = sourcecode.swift; name = RoomCollectionViewCell.swift; path = Assets.xcassets/RoomCollectionViewCell.swift; sourceTree = "<group>"; };
		A908CDCF1E681448001D69AE /* AddRoomViewController.swift */ = {isa = PBXFileReference; fileEncoding = 4; lastKnownFileType = sourcecode.swift; path = AddRoomViewController.swift; sourceTree = "<group>"; };
		A92D907D1E65EE5200221B5F /* RoomCell.swift */ = {isa = PBXFileReference; fileEncoding = 4; lastKnownFileType = sourcecode.swift; path = RoomCell.swift; sourceTree = "<group>"; };
		A9593BDF1E64872B0019B0D0 /* Ease.app */ = {isa = PBXFileReference; explicitFileType = wrapper.application; includeInIndex = 0; path = Ease.app; sourceTree = BUILT_PRODUCTS_DIR; };
		A9593BE21E64872B0019B0D0 /* AppDelegate.swift */ = {isa = PBXFileReference; lastKnownFileType = sourcecode.swift; path = AppDelegate.swift; sourceTree = "<group>"; };
		A9593BE41E64872B0019B0D0 /* ViewController.swift */ = {isa = PBXFileReference; lastKnownFileType = sourcecode.swift; path = ViewController.swift; sourceTree = "<group>"; };
		A9593BE71E64872B0019B0D0 /* Base */ = {isa = PBXFileReference; lastKnownFileType = file.storyboard; name = Base; path = Base.lproj/Main.storyboard; sourceTree = "<group>"; };
		A9593BE91E64872B0019B0D0 /* Assets.xcassets */ = {isa = PBXFileReference; lastKnownFileType = folder.assetcatalog; path = Assets.xcassets; sourceTree = "<group>"; };
		A9593BEC1E64872B0019B0D0 /* Base */ = {isa = PBXFileReference; lastKnownFileType = file.storyboard; name = Base; path = Base.lproj/LaunchScreen.storyboard; sourceTree = "<group>"; };
		A9593BEE1E64872B0019B0D0 /* Info.plist */ = {isa = PBXFileReference; lastKnownFileType = text.plist.xml; path = Info.plist; sourceTree = "<group>"; };
		A9593BF31E64872B0019B0D0 /* EaseTests.xctest */ = {isa = PBXFileReference; explicitFileType = wrapper.cfbundle; includeInIndex = 0; path = EaseTests.xctest; sourceTree = BUILT_PRODUCTS_DIR; };
		A9593BF71E64872B0019B0D0 /* EaseTests.swift */ = {isa = PBXFileReference; lastKnownFileType = sourcecode.swift; path = EaseTests.swift; sourceTree = "<group>"; };
		A9593BF91E64872B0019B0D0 /* Info.plist */ = {isa = PBXFileReference; lastKnownFileType = text.plist.xml; path = Info.plist; sourceTree = "<group>"; };
		A9593BFE1E64872B0019B0D0 /* EaseUITests.xctest */ = {isa = PBXFileReference; explicitFileType = wrapper.cfbundle; includeInIndex = 0; path = EaseUITests.xctest; sourceTree = BUILT_PRODUCTS_DIR; };
		A9593C021E64872B0019B0D0 /* EaseUITests.swift */ = {isa = PBXFileReference; lastKnownFileType = sourcecode.swift; path = EaseUITests.swift; sourceTree = "<group>"; };
		A9593C041E64872B0019B0D0 /* Info.plist */ = {isa = PBXFileReference; lastKnownFileType = text.plist.xml; path = Info.plist; sourceTree = "<group>"; };
		A9593C101E6493FC0019B0D0 /* HomeViewController.swift */ = {isa = PBXFileReference; fileEncoding = 4; lastKnownFileType = sourcecode.swift; name = HomeViewController.swift; path = ../HomeViewController.swift; sourceTree = "<group>"; };
		A9593C121E64A4AC0019B0D0 /* ikea-clean-green-and-clutter-free-__1364315962817-s4.jpg */ = {isa = PBXFileReference; lastKnownFileType = image.jpeg; path = "ikea-clean-green-and-clutter-free-__1364315962817-s4.jpg"; sourceTree = "<group>"; };
		A9593C141E64CEF30019B0D0 /* RoomsViewController.swift */ = {isa = PBXFileReference; fileEncoding = 4; lastKnownFileType = sourcecode.swift; path = RoomsViewController.swift; sourceTree = "<group>"; };
		A98C3FFC1E66EA4000B4DA7F /* Ease.entitlements */ = {isa = PBXFileReference; lastKnownFileType = text.plist.entitlements; path = Ease.entitlements; sourceTree = "<group>"; };
		A98C3FFE1E66EA4000B4DA7F /* HomeKit.framework */ = {isa = PBXFileReference; lastKnownFileType = wrapper.framework; name = HomeKit.framework; path = System/Library/Frameworks/HomeKit.framework; sourceTree = SDKROOT; };
		A98C40041E671E1700B4DA7F /* easeWidget.appex */ = {isa = PBXFileReference; explicitFileType = "wrapper.app-extension"; includeInIndex = 0; path = easeWidget.appex; sourceTree = BUILT_PRODUCTS_DIR; };
		A98C40051E671E1700B4DA7F /* NotificationCenter.framework */ = {isa = PBXFileReference; lastKnownFileType = wrapper.framework; name = NotificationCenter.framework; path = System/Library/Frameworks/NotificationCenter.framework; sourceTree = SDKROOT; };
		A98C40081E671E1700B4DA7F /* TodayViewController.swift */ = {isa = PBXFileReference; lastKnownFileType = sourcecode.swift; path = TodayViewController.swift; sourceTree = "<group>"; };
		A98C400B1E671E1700B4DA7F /* Base */ = {isa = PBXFileReference; lastKnownFileType = file.storyboard; name = Base; path = Base.lproj/MainInterface.storyboard; sourceTree = "<group>"; };
		A98C400D1E671E1700B4DA7F /* Info.plist */ = {isa = PBXFileReference; lastKnownFileType = text.plist.xml; path = Info.plist; sourceTree = "<group>"; };
		A98C401F1E6736B400B4DA7F /* HelloTCP */ = {isa = PBXFileReference; lastKnownFileType = folder; name = HelloTCP; path = ../../../Downloads/HelloTCP; sourceTree = "<group>"; };
		A98C40211E6736CB00B4DA7F /* Package.swift */ = {isa = PBXFileReference; lastKnownFileType = sourcecode.swift; name = Package.swift; path = "../../../Downloads/HelloTCP/Packages/Socket-0.12.33/Package.swift"; sourceTree = "<group>"; };
		A98C40231E67371600B4DA7F /* BlueSocket.xcodeproj */ = {isa = PBXFileReference; lastKnownFileType = "wrapper.pb-project"; name = BlueSocket.xcodeproj; path = "../../../Downloads/HelloTCP/Packages/Socket-0.12.33/BlueSocket.xcodeproj"; sourceTree = "<group>"; };
		A98C40381E6739E500B4DA7F /* Socket.swift */ = {isa = PBXFileReference; fileEncoding = 4; lastKnownFileType = sourcecode.swift; path = Socket.swift; sourceTree = "<group>"; };
		A98C40391E6739E500B4DA7F /* SocketProtocols.swift */ = {isa = PBXFileReference; fileEncoding = 4; lastKnownFileType = sourcecode.swift; path = SocketProtocols.swift; sourceTree = "<group>"; };
		A98C403A1E6739E500B4DA7F /* SocketUtils.swift */ = {isa = PBXFileReference; fileEncoding = 4; lastKnownFileType = sourcecode.swift; path = SocketUtils.swift; sourceTree = "<group>"; };
		A9AF26F71E65B5F000E280A9 /* HomePageViewController.swift */ = {isa = PBXFileReference; fileEncoding = 4; lastKnownFileType = sourcecode.swift; path = HomePageViewController.swift; sourceTree = "<group>"; };
		A9AF26F91E65B66F00E280A9 /* SettingsViewController.swift */ = {isa = PBXFileReference; fileEncoding = 4; lastKnownFileType = sourcecode.swift; path = SettingsViewController.swift; sourceTree = "<group>"; };
		A9AF26FC1E65B75600E280A9 /* RoomDetailsViewController.swift */ = {isa = PBXFileReference; fileEncoding = 4; lastKnownFileType = sourcecode.swift; path = RoomDetailsViewController.swift; sourceTree = "<group>"; };
		A9AF27021E65BC5B00E280A9 /* easeModel.xcdatamodel */ = {isa = PBXFileReference; lastKnownFileType = wrapper.xcdatamodel; path = easeModel.xcdatamodel; sourceTree = "<group>"; };
		A9AF270E1E65C0DC00E280A9 /* PersistenceManager.swift */ = {isa = PBXFileReference; fileEncoding = 4; lastKnownFileType = sourcecode.swift; path = PersistenceManager.swift; sourceTree = "<group>"; };
		A9AF27201E65D9CC00E280A9 /* Tutorial1ViewController.swift */ = {isa = PBXFileReference; fileEncoding = 4; lastKnownFileType = sourcecode.swift; path = Tutorial1ViewController.swift; sourceTree = "<group>"; };
		A9AF27221E65D9E700E280A9 /* Tutorial2ViewController.swift */ = {isa = PBXFileReference; fileEncoding = 4; lastKnownFileType = sourcecode.swift; path = Tutorial2ViewController.swift; sourceTree = "<group>"; };
		A9AF27241E65DA0000E280A9 /* Tutorial3ViewController.swift */ = {isa = PBXFileReference; fileEncoding = 4; lastKnownFileType = sourcecode.swift; path = Tutorial3ViewController.swift; sourceTree = "<group>"; };
		A9AF27261E65DA1500E280A9 /* Tutorial4ViewController.swift */ = {isa = PBXFileReference; fileEncoding = 4; lastKnownFileType = sourcecode.swift; path = Tutorial4ViewController.swift; sourceTree = "<group>"; };
		A9AF27281E65DA2F00E280A9 /* Tutorial5ViewController.swift */ = {isa = PBXFileReference; fileEncoding = 4; lastKnownFileType = sourcecode.swift; path = Tutorial5ViewController.swift; sourceTree = "<group>"; };
		A9AF272C1E65EBFF00E280A9 /* Device+CoreDataClass.swift */ = {isa = PBXFileReference; fileEncoding = 4; lastKnownFileType = sourcecode.swift; path = "Device+CoreDataClass.swift"; sourceTree = "<group>"; };
		A9AF272D1E65EBFF00E280A9 /* Device+CoreDataProperties.swift */ = {isa = PBXFileReference; fileEncoding = 4; lastKnownFileType = sourcecode.swift; path = "Device+CoreDataProperties.swift"; sourceTree = "<group>"; };
		A9AF272E1E65EBFF00E280A9 /* Room+CoreDataClass.swift */ = {isa = PBXFileReference; fileEncoding = 4; lastKnownFileType = sourcecode.swift; path = "Room+CoreDataClass.swift"; sourceTree = "<group>"; };
		A9AF272F1E65EBFF00E280A9 /* Room+CoreDataProperties.swift */ = {isa = PBXFileReference; fileEncoding = 4; lastKnownFileType = sourcecode.swift; path = "Room+CoreDataProperties.swift"; sourceTree = "<group>"; };
/* End PBXFileReference section */

/* Begin PBXFrameworksBuildPhase section */
		A9593BDC1E64872A0019B0D0 /* Frameworks */ = {
			isa = PBXFrameworksBuildPhase;
			buildActionMask = 2147483647;
			files = (
				A98C3FFF1E66EA4000B4DA7F /* HomeKit.framework in Frameworks */,
			);
			runOnlyForDeploymentPostprocessing = 0;
		};
		A9593BF01E64872B0019B0D0 /* Frameworks */ = {
			isa = PBXFrameworksBuildPhase;
			buildActionMask = 2147483647;
			files = (
			);
			runOnlyForDeploymentPostprocessing = 0;
		};
		A9593BFB1E64872B0019B0D0 /* Frameworks */ = {
			isa = PBXFrameworksBuildPhase;
			buildActionMask = 2147483647;
			files = (
			);
			runOnlyForDeploymentPostprocessing = 0;
		};
		A98C40011E671E1700B4DA7F /* Frameworks */ = {
			isa = PBXFrameworksBuildPhase;
			buildActionMask = 2147483647;
			files = (
				A98C40351E6738A400B4DA7F /* Socket.framework in Frameworks */,
				A98C40061E671E1700B4DA7F /* NotificationCenter.framework in Frameworks */,
			);
			runOnlyForDeploymentPostprocessing = 0;
		};
/* End PBXFrameworksBuildPhase section */

/* Begin PBXGroup section */
		A9593BD61E64872A0019B0D0 = {
			isa = PBXGroup;
			children = (
				A9AF272C1E65EBFF00E280A9 /* Device+CoreDataClass.swift */,
				A9AF272D1E65EBFF00E280A9 /* Device+CoreDataProperties.swift */,
				A9AF272E1E65EBFF00E280A9 /* Room+CoreDataClass.swift */,
				A98C40381E6739E500B4DA7F /* Socket.swift */,
				A98C40391E6739E500B4DA7F /* SocketProtocols.swift */,
				A98C403A1E6739E500B4DA7F /* SocketUtils.swift */,
				A9AF272F1E65EBFF00E280A9 /* Room+CoreDataProperties.swift */,
				A9593BE11E64872B0019B0D0 /* Ease */,
				A9593BF61E64872B0019B0D0 /* EaseTests */,
				A9593C011E64872B0019B0D0 /* EaseUITests */,
				A98C40071E671E1700B4DA7F /* easeWidget */,
				A9593BE01E64872B0019B0D0 /* Products */,
				A98C3FFD1E66EA4000B4DA7F /* Frameworks */,
			);
			sourceTree = "<group>";
		};
		A9593BE01E64872B0019B0D0 /* Products */ = {
			isa = PBXGroup;
			children = (
				A9593BDF1E64872B0019B0D0 /* Ease.app */,
				A9593BF31E64872B0019B0D0 /* EaseTests.xctest */,
				A9593BFE1E64872B0019B0D0 /* EaseUITests.xctest */,
				A98C40041E671E1700B4DA7F /* easeWidget.appex */,
			);
			name = Products;
			sourceTree = "<group>";
		};
		A9593BE11E64872B0019B0D0 /* Ease */ = {
			isa = PBXGroup;
			children = (
				A98C3FFC1E66EA4000B4DA7F /* Ease.entitlements */,
				A9593C101E6493FC0019B0D0 /* HomeViewController.swift */,
				A9593BE21E64872B0019B0D0 /* AppDelegate.swift */,
				A9593BE41E64872B0019B0D0 /* ViewController.swift */,
				A9593BE61E64872B0019B0D0 /* Main.storyboard */,
				A9593C121E64A4AC0019B0D0 /* ikea-clean-green-and-clutter-free-__1364315962817-s4.jpg */,
				A9593BE91E64872B0019B0D0 /* Assets.xcassets */,
				A9593BEB1E64872B0019B0D0 /* LaunchScreen.storyboard */,
				A9593BEE1E64872B0019B0D0 /* Info.plist */,
				A9593C141E64CEF30019B0D0 /* RoomsViewController.swift */,
				A9AF26F71E65B5F000E280A9 /* HomePageViewController.swift */,
				A9AF26F91E65B66F00E280A9 /* SettingsViewController.swift */,
				A9AF26FC1E65B75600E280A9 /* RoomDetailsViewController.swift */,
				A9AF27011E65BC5B00E280A9 /* easeModel.xcdatamodeld */,
				A9AF270E1E65C0DC00E280A9 /* PersistenceManager.swift */,
				A92D907D1E65EE5200221B5F /* RoomCell.swift */,
				A9AF27201E65D9CC00E280A9 /* Tutorial1ViewController.swift */,
				A9AF27221E65D9E700E280A9 /* Tutorial2ViewController.swift */,
				A9AF27241E65DA0000E280A9 /* Tutorial3ViewController.swift */,
				A9AF27261E65DA1500E280A9 /* Tutorial4ViewController.swift */,
				A9AF27281E65DA2F00E280A9 /* Tutorial5ViewController.swift */,
				A908CDC61E674DE9001D69AE /* CollectionViewController.swift */,
				A908CDC81E674E39001D69AE /* CollectionSource.swift */,
				A908CDCA1E675276001D69AE /* RoomCollectionViewCell.swift */,
				A908CDCF1E681448001D69AE /* AddRoomViewController.swift */,
			);
			path = Ease;
			sourceTree = "<group>";
		};
		A9593BF61E64872B0019B0D0 /* EaseTests */ = {
			isa = PBXGroup;
			children = (
				A9593BF71E64872B0019B0D0 /* EaseTests.swift */,
				A9593BF91E64872B0019B0D0 /* Info.plist */,
			);
			path = EaseTests;
			sourceTree = "<group>";
		};
		A9593C011E64872B0019B0D0 /* EaseUITests */ = {
			isa = PBXGroup;
			children = (
				A9593C021E64872B0019B0D0 /* EaseUITests.swift */,
				A9593C041E64872B0019B0D0 /* Info.plist */,
			);
			path = EaseUITests;
			sourceTree = "<group>";
		};
		A98C3FFD1E66EA4000B4DA7F /* Frameworks */ = {
			isa = PBXGroup;
			children = (
				A98C40231E67371600B4DA7F /* BlueSocket.xcodeproj */,
				A98C40211E6736CB00B4DA7F /* Package.swift */,
				A98C401F1E6736B400B4DA7F /* HelloTCP */,
				A98C3FFE1E66EA4000B4DA7F /* HomeKit.framework */,
				A98C40051E671E1700B4DA7F /* NotificationCenter.framework */,
			);
			name = Frameworks;
			sourceTree = "<group>";
		};
		A98C40071E671E1700B4DA7F /* easeWidget */ = {
			isa = PBXGroup;
			children = (
				A98C40081E671E1700B4DA7F /* TodayViewController.swift */,
				A98C400A1E671E1700B4DA7F /* MainInterface.storyboard */,
				A98C400D1E671E1700B4DA7F /* Info.plist */,
			);
			path = easeWidget;
			sourceTree = "<group>";
		};
		A98C40241E67371600B4DA7F /* Products */ = {
			isa = PBXGroup;
			children = (
				A98C402A1E67371600B4DA7F /* Socket.framework */,
				A98C402C1E67371600B4DA7F /* Socket.framework */,
				A98C402E1E67371600B4DA7F /* SocketTests.xctest */,
			);
			name = Products;
			sourceTree = "<group>";
		};
/* End PBXGroup section */

/* Begin PBXNativeTarget section */
		A9593BDE1E64872A0019B0D0 /* Ease */ = {
			isa = PBXNativeTarget;
			buildConfigurationList = A9593C071E64872B0019B0D0 /* Build configuration list for PBXNativeTarget "Ease" */;
			buildPhases = (
				A9593BDB1E64872A0019B0D0 /* Sources */,
				A9593BDC1E64872A0019B0D0 /* Frameworks */,
				A9593BDD1E64872A0019B0D0 /* Resources */,
				A98C40141E671E1700B4DA7F /* Embed App Extensions */,
			);
			buildRules = (
			);
			dependencies = (
				A98C400F1E671E1700B4DA7F /* PBXTargetDependency */,
			);
			name = Ease;
			productName = Ease;
			productReference = A9593BDF1E64872B0019B0D0 /* Ease.app */;
			productType = "com.apple.product-type.application";
		};
		A9593BF21E64872B0019B0D0 /* EaseTests */ = {
			isa = PBXNativeTarget;
			buildConfigurationList = A9593C0A1E64872B0019B0D0 /* Build configuration list for PBXNativeTarget "EaseTests" */;
			buildPhases = (
				A9593BEF1E64872B0019B0D0 /* Sources */,
				A9593BF01E64872B0019B0D0 /* Frameworks */,
				A9593BF11E64872B0019B0D0 /* Resources */,
			);
			buildRules = (
			);
			dependencies = (
				A9593BF51E64872B0019B0D0 /* PBXTargetDependency */,
			);
			name = EaseTests;
			productName = EaseTests;
			productReference = A9593BF31E64872B0019B0D0 /* EaseTests.xctest */;
			productType = "com.apple.product-type.bundle.unit-test";
		};
		A9593BFD1E64872B0019B0D0 /* EaseUITests */ = {
			isa = PBXNativeTarget;
			buildConfigurationList = A9593C0D1E64872B0019B0D0 /* Build configuration list for PBXNativeTarget "EaseUITests" */;
			buildPhases = (
				A9593BFA1E64872B0019B0D0 /* Sources */,
				A9593BFB1E64872B0019B0D0 /* Frameworks */,
				A9593BFC1E64872B0019B0D0 /* Resources */,
			);
			buildRules = (
			);
			dependencies = (
				A9593C001E64872B0019B0D0 /* PBXTargetDependency */,
			);
			name = EaseUITests;
			productName = EaseUITests;
			productReference = A9593BFE1E64872B0019B0D0 /* EaseUITests.xctest */;
			productType = "com.apple.product-type.bundle.ui-testing";
		};
		A98C40031E671E1700B4DA7F /* easeWidget */ = {
			isa = PBXNativeTarget;
			buildConfigurationList = A98C40111E671E1700B4DA7F /* Build configuration list for PBXNativeTarget "easeWidget" */;
			buildPhases = (
				A98C40001E671E1700B4DA7F /* Sources */,
				A98C40011E671E1700B4DA7F /* Frameworks */,
				A98C40021E671E1700B4DA7F /* Resources */,
			);
			buildRules = (
			);
			dependencies = (
				A98C40341E67389B00B4DA7F /* PBXTargetDependency */,
				A98C40321E67389800B4DA7F /* PBXTargetDependency */,
			);
			name = easeWidget;
			productName = easeWidget;
			productReference = A98C40041E671E1700B4DA7F /* easeWidget.appex */;
			productType = "com.apple.product-type.app-extension";
		};
/* End PBXNativeTarget section */

/* Begin PBXProject section */
		A9593BD71E64872A0019B0D0 /* Project object */ = {
			isa = PBXProject;
			attributes = {
				LastSwiftUpdateCheck = 0820;
				LastUpgradeCheck = 0820;
				ORGANIZATIONNAME = "Antonio Scialdone";
				TargetAttributes = {
					A9593BDE1E64872A0019B0D0 = {
						CreatedOnToolsVersion = 8.2.1;
						DevelopmentTeam = 3635YFUH74;
						ProvisioningStyle = Automatic;
						SystemCapabilities = {
							com.apple.HomeKit = {
								enabled = 1;
							};
						};
					};
					A9593BF21E64872B0019B0D0 = {
						CreatedOnToolsVersion = 8.2.1;
						DevelopmentTeam = 3635YFUH74;
						ProvisioningStyle = Automatic;
						TestTargetID = A9593BDE1E64872A0019B0D0;
					};
					A9593BFD1E64872B0019B0D0 = {
						CreatedOnToolsVersion = 8.2.1;
						DevelopmentTeam = 3635YFUH74;
						ProvisioningStyle = Automatic;
						TestTargetID = A9593BDE1E64872A0019B0D0;
					};
					A98C40031E671E1700B4DA7F = {
						CreatedOnToolsVersion = 8.2.1;
						DevelopmentTeam = 3635YFUH74;
						ProvisioningStyle = Automatic;
					};
				};
			};
			buildConfigurationList = A9593BDA1E64872A0019B0D0 /* Build configuration list for PBXProject "Ease" */;
			compatibilityVersion = "Xcode 3.2";
			developmentRegion = English;
			hasScannedForEncodings = 0;
			knownRegions = (
				en,
				Base,
			);
			mainGroup = A9593BD61E64872A0019B0D0;
			productRefGroup = A9593BE01E64872B0019B0D0 /* Products */;
			projectDirPath = "";
			projectReferences = (
				{
					ProductGroup = A98C40241E67371600B4DA7F /* Products */;
					ProjectRef = A98C40231E67371600B4DA7F /* BlueSocket.xcodeproj */;
				},
			);
			projectRoot = "";
			targets = (
				A9593BDE1E64872A0019B0D0 /* Ease */,
				A9593BF21E64872B0019B0D0 /* EaseTests */,
				A9593BFD1E64872B0019B0D0 /* EaseUITests */,
				A98C40031E671E1700B4DA7F /* easeWidget */,
			);
		};
/* End PBXProject section */

/* Begin PBXReferenceProxy section */
		A98C402A1E67371600B4DA7F /* Socket.framework */ = {
			isa = PBXReferenceProxy;
			fileType = wrapper.framework;
			path = Socket.framework;
			remoteRef = A98C40291E67371600B4DA7F /* PBXContainerItemProxy */;
			sourceTree = BUILT_PRODUCTS_DIR;
		};
		A98C402C1E67371600B4DA7F /* Socket.framework */ = {
			isa = PBXReferenceProxy;
			fileType = wrapper.framework;
			path = Socket.framework;
			remoteRef = A98C402B1E67371600B4DA7F /* PBXContainerItemProxy */;
			sourceTree = BUILT_PRODUCTS_DIR;
		};
		A98C402E1E67371600B4DA7F /* SocketTests.xctest */ = {
			isa = PBXReferenceProxy;
			fileType = wrapper.cfbundle;
			path = SocketTests.xctest;
			remoteRef = A98C402D1E67371600B4DA7F /* PBXContainerItemProxy */;
			sourceTree = BUILT_PRODUCTS_DIR;
		};
/* End PBXReferenceProxy section */

/* Begin PBXResourcesBuildPhase section */
		A9593BDD1E64872A0019B0D0 /* Resources */ = {
			isa = PBXResourcesBuildPhase;
			buildActionMask = 2147483647;
			files = (
				A9593BED1E64872B0019B0D0 /* LaunchScreen.storyboard in Resources */,
				A9593C131E64A4AC0019B0D0 /* ikea-clean-green-and-clutter-free-__1364315962817-s4.jpg in Resources */,
				A9593BEA1E64872B0019B0D0 /* Assets.xcassets in Resources */,
				A9593BE81E64872B0019B0D0 /* Main.storyboard in Resources */,
			);
			runOnlyForDeploymentPostprocessing = 0;
		};
		A9593BF11E64872B0019B0D0 /* Resources */ = {
			isa = PBXResourcesBuildPhase;
			buildActionMask = 2147483647;
			files = (
			);
			runOnlyForDeploymentPostprocessing = 0;
		};
		A9593BFC1E64872B0019B0D0 /* Resources */ = {
			isa = PBXResourcesBuildPhase;
			buildActionMask = 2147483647;
			files = (
			);
			runOnlyForDeploymentPostprocessing = 0;
		};
		A98C40021E671E1700B4DA7F /* Resources */ = {
			isa = PBXResourcesBuildPhase;
			buildActionMask = 2147483647;
			files = (
				A98C400C1E671E1700B4DA7F /* MainInterface.storyboard in Resources */,
			);
			runOnlyForDeploymentPostprocessing = 0;
		};
/* End PBXResourcesBuildPhase section */

/* Begin PBXSourcesBuildPhase section */
		A9593BDB1E64872A0019B0D0 /* Sources */ = {
			isa = PBXSourcesBuildPhase;
			buildActionMask = 2147483647;
			files = (
				A908CDC71E674DE9001D69AE /* CollectionViewController.swift in Sources */,
				A9AF27291E65DA2F00E280A9 /* Tutorial5ViewController.swift in Sources */,
				A9593BE51E64872B0019B0D0 /* ViewController.swift in Sources */,
				A9AF27231E65D9E700E280A9 /* Tutorial2ViewController.swift in Sources */,
				A9AF27271E65DA1500E280A9 /* Tutorial4ViewController.swift in Sources */,
				A9AF27331E65EBFF00E280A9 /* Room+CoreDataProperties.swift in Sources */,
				A9593C111E6493FC0019B0D0 /* HomeViewController.swift in Sources */,
				A9AF27311E65EBFF00E280A9 /* Device+CoreDataProperties.swift in Sources */,
				A9AF26FA1E65B66F00E280A9 /* SettingsViewController.swift in Sources */,
				A98C403B1E6739E500B4DA7F /* Socket.swift in Sources */,
				A9AF270F1E65C0DC00E280A9 /* PersistenceManager.swift in Sources */,
				A9AF26F81E65B5F000E280A9 /* HomePageViewController.swift in Sources */,
				A9AF27211E65D9CC00E280A9 /* Tutorial1ViewController.swift in Sources */,
				A98C403C1E6739E500B4DA7F /* SocketProtocols.swift in Sources */,
				A98C403D1E6739E500B4DA7F /* SocketUtils.swift in Sources */,
				A9AF27301E65EBFF00E280A9 /* Device+CoreDataClass.swift in Sources */,
				A9593BE31E64872B0019B0D0 /* AppDelegate.swift in Sources */,
				A908CDCB1E675276001D69AE /* RoomCollectionViewCell.swift in Sources */,
				A9AF27031E65BC5B00E280A9 /* easeModel.xcdatamodeld in Sources */,
				A9AF26FD1E65B75600E280A9 /* RoomDetailsViewController.swift in Sources */,
				A9AF27251E65DA0000E280A9 /* Tutorial3ViewController.swift in Sources */,
				A908CDD01E681448001D69AE /* AddRoomViewController.swift in Sources */,
				A92D907E1E65EE5200221B5F /* RoomCell.swift in Sources */,
				A9593C151E64CEF30019B0D0 /* RoomsViewController.swift in Sources */,
				A908CDC91E674E39001D69AE /* CollectionSource.swift in Sources */,
				A9AF27321E65EBFF00E280A9 /* Room+CoreDataClass.swift in Sources */,
			);
			runOnlyForDeploymentPostprocessing = 0;
		};
		A9593BEF1E64872B0019B0D0 /* Sources */ = {
			isa = PBXSourcesBuildPhase;
			buildActionMask = 2147483647;
			files = (
				A9593BF81E64872B0019B0D0 /* EaseTests.swift in Sources */,
			);
			runOnlyForDeploymentPostprocessing = 0;
		};
		A9593BFA1E64872B0019B0D0 /* Sources */ = {
			isa = PBXSourcesBuildPhase;
			buildActionMask = 2147483647;
			files = (
				A9593C031E64872B0019B0D0 /* EaseUITests.swift in Sources */,
			);
			runOnlyForDeploymentPostprocessing = 0;
		};
		A98C40001E671E1700B4DA7F /* Sources */ = {
			isa = PBXSourcesBuildPhase;
			buildActionMask = 2147483647;
			files = (
				A98C40091E671E1700B4DA7F /* TodayViewController.swift in Sources */,
			);
			runOnlyForDeploymentPostprocessing = 0;
		};
/* End PBXSourcesBuildPhase section */

/* Begin PBXTargetDependency section */
		A9593BF51E64872B0019B0D0 /* PBXTargetDependency */ = {
			isa = PBXTargetDependency;
			target = A9593BDE1E64872A0019B0D0 /* Ease */;
			targetProxy = A9593BF41E64872B0019B0D0 /* PBXContainerItemProxy */;
		};
		A9593C001E64872B0019B0D0 /* PBXTargetDependency */ = {
			isa = PBXTargetDependency;
			target = A9593BDE1E64872A0019B0D0 /* Ease */;
			targetProxy = A9593BFF1E64872B0019B0D0 /* PBXContainerItemProxy */;
		};
		A98C400F1E671E1700B4DA7F /* PBXTargetDependency */ = {
			isa = PBXTargetDependency;
			target = A98C40031E671E1700B4DA7F /* easeWidget */;
			targetProxy = A98C400E1E671E1700B4DA7F /* PBXContainerItemProxy */;
		};
		A98C40321E67389800B4DA7F /* PBXTargetDependency */ = {
			isa = PBXTargetDependency;
			name = "Socket-iOS";
			targetProxy = A98C40311E67389800B4DA7F /* PBXContainerItemProxy */;
		};
		A98C40341E67389B00B4DA7F /* PBXTargetDependency */ = {
			isa = PBXTargetDependency;
			name = Socket;
			targetProxy = A98C40331E67389B00B4DA7F /* PBXContainerItemProxy */;
		};
/* End PBXTargetDependency section */

/* Begin PBXVariantGroup section */
		A9593BE61E64872B0019B0D0 /* Main.storyboard */ = {
			isa = PBXVariantGroup;
			children = (
				A9593BE71E64872B0019B0D0 /* Base */,
			);
			name = Main.storyboard;
			sourceTree = "<group>";
		};
		A9593BEB1E64872B0019B0D0 /* LaunchScreen.storyboard */ = {
			isa = PBXVariantGroup;
			children = (
				A9593BEC1E64872B0019B0D0 /* Base */,
			);
			name = LaunchScreen.storyboard;
			sourceTree = "<group>";
		};
		A98C400A1E671E1700B4DA7F /* MainInterface.storyboard */ = {
			isa = PBXVariantGroup;
			children = (
				A98C400B1E671E1700B4DA7F /* Base */,
			);
			name = MainInterface.storyboard;
			sourceTree = "<group>";
		};
/* End PBXVariantGroup section */

/* Begin XCBuildConfiguration section */
		A9593C051E64872B0019B0D0 /* Debug */ = {
			isa = XCBuildConfiguration;
			buildSettings = {
				ALWAYS_SEARCH_USER_PATHS = NO;
				CLANG_ANALYZER_NONNULL = YES;
				CLANG_CXX_LANGUAGE_STANDARD = "gnu++0x";
				CLANG_CXX_LIBRARY = "libc++";
				CLANG_ENABLE_MODULES = YES;
				CLANG_ENABLE_OBJC_ARC = YES;
				CLANG_WARN_BOOL_CONVERSION = YES;
				CLANG_WARN_CONSTANT_CONVERSION = YES;
				CLANG_WARN_DIRECT_OBJC_ISA_USAGE = YES_ERROR;
				CLANG_WARN_DOCUMENTATION_COMMENTS = YES;
				CLANG_WARN_EMPTY_BODY = YES;
				CLANG_WARN_ENUM_CONVERSION = YES;
				CLANG_WARN_INFINITE_RECURSION = YES;
				CLANG_WARN_INT_CONVERSION = YES;
				CLANG_WARN_OBJC_ROOT_CLASS = YES_ERROR;
				CLANG_WARN_SUSPICIOUS_MOVE = YES;
				CLANG_WARN_UNREACHABLE_CODE = YES;
				CLANG_WARN__DUPLICATE_METHOD_MATCH = YES;
				"CODE_SIGN_IDENTITY[sdk=iphoneos*]" = "iPhone Developer";
				COPY_PHASE_STRIP = NO;
				DEBUG_INFORMATION_FORMAT = dwarf;
				ENABLE_STRICT_OBJC_MSGSEND = YES;
				ENABLE_TESTABILITY = YES;
				GCC_C_LANGUAGE_STANDARD = gnu99;
				GCC_DYNAMIC_NO_PIC = NO;
				GCC_NO_COMMON_BLOCKS = YES;
				GCC_OPTIMIZATION_LEVEL = 0;
				GCC_PREPROCESSOR_DEFINITIONS = (
					"DEBUG=1",
					"$(inherited)",
				);
				GCC_WARN_64_TO_32_BIT_CONVERSION = YES;
				GCC_WARN_ABOUT_RETURN_TYPE = YES_ERROR;
				GCC_WARN_UNDECLARED_SELECTOR = YES;
				GCC_WARN_UNINITIALIZED_AUTOS = YES_AGGRESSIVE;
				GCC_WARN_UNUSED_FUNCTION = YES;
				GCC_WARN_UNUSED_VARIABLE = YES;
				IPHONEOS_DEPLOYMENT_TARGET = 10.2;
				MTL_ENABLE_DEBUG_INFO = YES;
				ONLY_ACTIVE_ARCH = YES;
				SDKROOT = iphoneos;
				SWIFT_ACTIVE_COMPILATION_CONDITIONS = DEBUG;
				SWIFT_OPTIMIZATION_LEVEL = "-Onone";
				TARGETED_DEVICE_FAMILY = "1,2";
			};
			name = Debug;
		};
		A9593C061E64872B0019B0D0 /* Release */ = {
			isa = XCBuildConfiguration;
			buildSettings = {
				ALWAYS_SEARCH_USER_PATHS = NO;
				CLANG_ANALYZER_NONNULL = YES;
				CLANG_CXX_LANGUAGE_STANDARD = "gnu++0x";
				CLANG_CXX_LIBRARY = "libc++";
				CLANG_ENABLE_MODULES = YES;
				CLANG_ENABLE_OBJC_ARC = YES;
				CLANG_WARN_BOOL_CONVERSION = YES;
				CLANG_WARN_CONSTANT_CONVERSION = YES;
				CLANG_WARN_DIRECT_OBJC_ISA_USAGE = YES_ERROR;
				CLANG_WARN_DOCUMENTATION_COMMENTS = YES;
				CLANG_WARN_EMPTY_BODY = YES;
				CLANG_WARN_ENUM_CONVERSION = YES;
				CLANG_WARN_INFINITE_RECURSION = YES;
				CLANG_WARN_INT_CONVERSION = YES;
				CLANG_WARN_OBJC_ROOT_CLASS = YES_ERROR;
				CLANG_WARN_SUSPICIOUS_MOVE = YES;
				CLANG_WARN_UNREACHABLE_CODE = YES;
				CLANG_WARN__DUPLICATE_METHOD_MATCH = YES;
				"CODE_SIGN_IDENTITY[sdk=iphoneos*]" = "iPhone Developer";
				COPY_PHASE_STRIP = NO;
				DEBUG_INFORMATION_FORMAT = "dwarf-with-dsym";
				ENABLE_NS_ASSERTIONS = NO;
				ENABLE_STRICT_OBJC_MSGSEND = YES;
				GCC_C_LANGUAGE_STANDARD = gnu99;
				GCC_NO_COMMON_BLOCKS = YES;
				GCC_WARN_64_TO_32_BIT_CONVERSION = YES;
				GCC_WARN_ABOUT_RETURN_TYPE = YES_ERROR;
				GCC_WARN_UNDECLARED_SELECTOR = YES;
				GCC_WARN_UNINITIALIZED_AUTOS = YES_AGGRESSIVE;
				GCC_WARN_UNUSED_FUNCTION = YES;
				GCC_WARN_UNUSED_VARIABLE = YES;
				IPHONEOS_DEPLOYMENT_TARGET = 10.2;
				MTL_ENABLE_DEBUG_INFO = NO;
				SDKROOT = iphoneos;
				SWIFT_OPTIMIZATION_LEVEL = "-Owholemodule";
				TARGETED_DEVICE_FAMILY = "1,2";
				VALIDATE_PRODUCT = YES;
			};
			name = Release;
		};
		A9593C081E64872B0019B0D0 /* Debug */ = {
			isa = XCBuildConfiguration;
			buildSettings = {
				ALWAYS_EMBED_SWIFT_STANDARD_LIBRARIES = YES;
				ASSETCATALOG_COMPILER_APPICON_NAME = AppIcon;
				CODE_SIGN_ENTITLEMENTS = Ease/Ease.entitlements;
				DEVELOPMENT_TEAM = 3635YFUH74;
				INFOPLIST_FILE = Ease/Info.plist;
				LD_RUNPATH_SEARCH_PATHS = "$(inherited) @executable_path/Frameworks";
				PRODUCT_BUNDLE_IDENTIFIER = ios.ease.com;
				PRODUCT_NAME = "$(TARGET_NAME)";
				SWIFT_VERSION = 3.0;
			};
			name = Debug;
		};
		A9593C091E64872B0019B0D0 /* Release */ = {
			isa = XCBuildConfiguration;
			buildSettings = {
				ALWAYS_EMBED_SWIFT_STANDARD_LIBRARIES = YES;
				ASSETCATALOG_COMPILER_APPICON_NAME = AppIcon;
				CODE_SIGN_ENTITLEMENTS = Ease/Ease.entitlements;
				DEVELOPMENT_TEAM = 3635YFUH74;
				INFOPLIST_FILE = Ease/Info.plist;
				LD_RUNPATH_SEARCH_PATHS = "$(inherited) @executable_path/Frameworks";
				PRODUCT_BUNDLE_IDENTIFIER = ios.ease.com;
				PRODUCT_NAME = "$(TARGET_NAME)";
				SWIFT_VERSION = 3.0;
			};
			name = Release;
		};
		A9593C0B1E64872B0019B0D0 /* Debug */ = {
			isa = XCBuildConfiguration;
			buildSettings = {
				ALWAYS_EMBED_SWIFT_STANDARD_LIBRARIES = YES;
				BUNDLE_LOADER = "$(TEST_HOST)";
				DEVELOPMENT_TEAM = 3635YFUH74;
				INFOPLIST_FILE = EaseTests/Info.plist;
				LD_RUNPATH_SEARCH_PATHS = "$(inherited) @executable_path/Frameworks @loader_path/Frameworks";
				PRODUCT_BUNDLE_IDENTIFIER = ios.EaseTests;
				PRODUCT_NAME = "$(TARGET_NAME)";
				SWIFT_VERSION = 3.0;
				TEST_HOST = "$(BUILT_PRODUCTS_DIR)/Ease.app/Ease";
			};
			name = Debug;
		};
		A9593C0C1E64872B0019B0D0 /* Release */ = {
			isa = XCBuildConfiguration;
			buildSettings = {
				ALWAYS_EMBED_SWIFT_STANDARD_LIBRARIES = YES;
				BUNDLE_LOADER = "$(TEST_HOST)";
				DEVELOPMENT_TEAM = 3635YFUH74;
				INFOPLIST_FILE = EaseTests/Info.plist;
				LD_RUNPATH_SEARCH_PATHS = "$(inherited) @executable_path/Frameworks @loader_path/Frameworks";
				PRODUCT_BUNDLE_IDENTIFIER = ios.EaseTests;
				PRODUCT_NAME = "$(TARGET_NAME)";
				SWIFT_VERSION = 3.0;
				TEST_HOST = "$(BUILT_PRODUCTS_DIR)/Ease.app/Ease";
			};
			name = Release;
		};
		A9593C0E1E64872B0019B0D0 /* Debug */ = {
			isa = XCBuildConfiguration;
			buildSettings = {
				ALWAYS_EMBED_SWIFT_STANDARD_LIBRARIES = YES;
				DEVELOPMENT_TEAM = 3635YFUH74;
				INFOPLIST_FILE = EaseUITests/Info.plist;
				LD_RUNPATH_SEARCH_PATHS = "$(inherited) @executable_path/Frameworks @loader_path/Frameworks";
				PRODUCT_BUNDLE_IDENTIFIER = ios.EaseUITests;
				PRODUCT_NAME = "$(TARGET_NAME)";
				SWIFT_VERSION = 3.0;
				TEST_TARGET_NAME = Ease;
			};
			name = Debug;
		};
		A9593C0F1E64872B0019B0D0 /* Release */ = {
			isa = XCBuildConfiguration;
			buildSettings = {
				ALWAYS_EMBED_SWIFT_STANDARD_LIBRARIES = YES;
				DEVELOPMENT_TEAM = 3635YFUH74;
				INFOPLIST_FILE = EaseUITests/Info.plist;
				LD_RUNPATH_SEARCH_PATHS = "$(inherited) @executable_path/Frameworks @loader_path/Frameworks";
				PRODUCT_BUNDLE_IDENTIFIER = ios.EaseUITests;
				PRODUCT_NAME = "$(TARGET_NAME)";
				SWIFT_VERSION = 3.0;
				TEST_TARGET_NAME = Ease;
			};
			name = Release;
		};
		A98C40121E671E1700B4DA7F /* Debug */ = {
			isa = XCBuildConfiguration;
			buildSettings = {
				DEVELOPMENT_TEAM = 3635YFUH74;
				INFOPLIST_FILE = easeWidget/Info.plist;
				LD_RUNPATH_SEARCH_PATHS = "$(inherited) @executable_path/Frameworks @executable_path/../../Frameworks";
				PRODUCT_BUNDLE_IDENTIFIER = ios.ease.com.easeWidget;
				PRODUCT_NAME = "$(TARGET_NAME)";
				SKIP_INSTALL = YES;
				SWIFT_VERSION = 3.0;
			};
			name = Debug;
		};
		A98C40131E671E1700B4DA7F /* Release */ = {
			isa = XCBuildConfiguration;
			buildSettings = {
				DEVELOPMENT_TEAM = 3635YFUH74;
				INFOPLIST_FILE = easeWidget/Info.plist;
				LD_RUNPATH_SEARCH_PATHS = "$(inherited) @executable_path/Frameworks @executable_path/../../Frameworks";
				PRODUCT_BUNDLE_IDENTIFIER = ios.ease.com.easeWidget;
				PRODUCT_NAME = "$(TARGET_NAME)";
				SKIP_INSTALL = YES;
				SWIFT_VERSION = 3.0;
			};
			name = Release;
		};
/* End XCBuildConfiguration section */

/* Begin XCConfigurationList section */
		A9593BDA1E64872A0019B0D0 /* Build configuration list for PBXProject "Ease" */ = {
			isa = XCConfigurationList;
			buildConfigurations = (
				A9593C051E64872B0019B0D0 /* Debug */,
				A9593C061E64872B0019B0D0 /* Release */,
			);
			defaultConfigurationIsVisible = 0;
			defaultConfigurationName = Release;
		};
		A9593C071E64872B0019B0D0 /* Build configuration list for PBXNativeTarget "Ease" */ = {
			isa = XCConfigurationList;
			buildConfigurations = (
				A9593C081E64872B0019B0D0 /* Debug */,
				A9593C091E64872B0019B0D0 /* Release */,
			);
			defaultConfigurationIsVisible = 0;
			defaultConfigurationName = Release;
		};
		A9593C0A1E64872B0019B0D0 /* Build configuration list for PBXNativeTarget "EaseTests" */ = {
			isa = XCConfigurationList;
			buildConfigurations = (
				A9593C0B1E64872B0019B0D0 /* Debug */,
				A9593C0C1E64872B0019B0D0 /* Release */,
			);
			defaultConfigurationIsVisible = 0;
			defaultConfigurationName = Release;
		};
		A9593C0D1E64872B0019B0D0 /* Build configuration list for PBXNativeTarget "EaseUITests" */ = {
			isa = XCConfigurationList;
			buildConfigurations = (
				A9593C0E1E64872B0019B0D0 /* Debug */,
				A9593C0F1E64872B0019B0D0 /* Release */,
			);
			defaultConfigurationIsVisible = 0;
			defaultConfigurationName = Release;
		};
		A98C40111E671E1700B4DA7F /* Build configuration list for PBXNativeTarget "easeWidget" */ = {
			isa = XCConfigurationList;
			buildConfigurations = (
				A98C40121E671E1700B4DA7F /* Debug */,
				A98C40131E671E1700B4DA7F /* Release */,
			);
			defaultConfigurationIsVisible = 0;
			defaultConfigurationName = Release;
		};
/* End XCConfigurationList section */

/* Begin XCVersionGroup section */
		A9AF27011E65BC5B00E280A9 /* easeModel.xcdatamodeld */ = {
			isa = XCVersionGroup;
			children = (
				A9AF27021E65BC5B00E280A9 /* easeModel.xcdatamodel */,
			);
			currentVersion = A9AF27021E65BC5B00E280A9 /* easeModel.xcdatamodel */;
			path = easeModel.xcdatamodeld;
			sourceTree = "<group>";
			versionGroupType = wrapper.xcdatamodel;
		};
/* End XCVersionGroup section */
	};
	rootObject = A9593BD71E64872A0019B0D0 /* Project object */;
}
